
Microsoft Visual Studio Solution File, Format Version 12.00
# Visual Studio Version 16
VisualStudioVersion = 16.0.29920.165
MinimumVisualStudioVersion = 10.0.40219.1
Project("{FAE04EC0-301F-11D3-BF4B-00C04F79EFBC}") = "UI_ProjetoDS", "S2_Projeto-MVC_DS\UI_ProjetoDS.csproj", "{D1F4245F-6DF5-4D88-A6C7-03A5E6684985}"
EndProject
Global
	GlobalSection(SolutionConfigurationPlatforms) = preSolution
		Debug|Any CPU = Debug|Any CPU
		Release|Any CPU = Release|Any CPU
	EndGlobalSection
	GlobalSection(ProjectConfigurationPlatforms) = postSolution
		{D1F4245F-6DF5-4D88-A6C7-03A5E6684985}.Debug|Any CPU.ActiveCfg = Debug|Any CPU
		{D1F4245F-6DF5-4D88-A6C7-03A5E6684985}.Debug|Any CPU.Build.0 = Debug|Any CPU
		{D1F4245F-6DF5-4D88-A6C7-03A5E6684985}.Release|Any CPU.ActiveCfg = Release|Any CPU
		{D1F4245F-6DF5-4D88-A6C7-03A5E6684985}.Release|Any CPU.Build.0 = Release|Any CPU
	EndGlobalSection
	GlobalSection(SolutionProperties) = preSolution
		HideSolutionNode = FALSE
	EndGlobalSection
	GlobalSection(ExtensibilityGlobals) = postSolution
		SolutionGuid = {FA8BD49C-AB71-47FF-AADC-4B6C085673D7}
	EndGlobalSection
EndGlobal
